
Microsoft Visual Studio Solution File, Format Version 12.00
# Visual Studio 14
VisualStudioVersion = 14.0.24720.0
MinimumVisualStudioVersion = 10.0.40219.1
Project("{2150E333-8FDC-42A3-9474-1A3956D46DE8}") = "Presentation", "Presentation", "{5649344D-94AB-4430-A8D4-7B309A083B88}"
EndProject
Project("{FAE04EC0-301F-11D3-BF4B-00C04F79EFBC}") = "Personal.Web", "Personal.Web\Personal.Web.csproj", "{E5B413CF-E691-4535-BB6B-72C93C19DC50}"
EndProject
Project("{FAE04EC0-301F-11D3-BF4B-00C04F79EFBC}") = "Personal.Domain", "Personal.Domain\Personal.Domain.csproj", "{BEF42A82-8D2F-4D89-AE8F-3F61F03842C4}"
EndProject
Project("{2150E333-8FDC-42A3-9474-1A3956D46DE8}") = "Business", "Business", "{63FD3403-CE1B-443E-8026-23EE924D3B3F}"
EndProject
Project("{2150E333-8FDC-42A3-9474-1A3956D46DE8}") = "Data", "Data", "{CCF1E993-2A34-4531-A3D9-53A97C2AE7B7}"
EndProject
Project("{FAE04EC0-301F-11D3-BF4B-00C04F79EFBC}") = "Personal.Schema", "Personal.Schema\Personal.Schema.csproj", "{6E7EF600-44C2-47F5-BFA0-C2A3C75ACF74}"
EndProject
Project("{FAE04EC0-301F-11D3-BF4B-00C04F79EFBC}") = "Personal.User", "Personal.User\Personal.User.csproj", "{72B234FA-A921-4A7B-B783-1254850FE0EF}"
EndProject
Project("{2150E333-8FDC-42A3-9474-1A3956D46DE8}") = "Infrastructure", "Infrastructure", "{DC95B12F-9789-4585-A910-05307D7172AA}"
EndProject
Project("{FAE04EC0-301F-11D3-BF4B-00C04F79EFBC}") = "Personal.Mapping", "Personal.Mapping\Personal.Mapping.csproj", "{B4CCCBC7-BBD3-43B0-9AF1-542664650CB8}"
EndProject
Project("{FAE04EC0-301F-11D3-BF4B-00C04F79EFBC}") = "Personal.Console", "Personal.Console\Personal.Console.csproj", "{37BFB5F3-1FF8-4942-BB49-56117AEBB850}"
EndProject
Project("{FAE04EC0-301F-11D3-BF4B-00C04F79EFBC}") = "Personal.WebApi", "Personal.WebApi\Personal.WebApi.csproj", "{29C0A0FB-34CB-444A-9B4B-1A2F837472C3}"
EndProject
Project("{2150E333-8FDC-42A3-9474-1A3956D46DE8}") = "Frontend", "Frontend", "{4CCEF23E-141E-4AEB-8D16-4A91803203A5}"
	ProjectSection(SolutionItems) = preProject
		Frontend\bower.json = Frontend\bower.json
		Frontend\bundle.config.js = Frontend\bundle.config.js
		Frontend\gulpfile.js = Frontend\gulpfile.js
		Frontend\package.json = Frontend\package.json
		Frontend\settings.json = Frontend\settings.json
	EndProjectSection
EndProject
Project("{2150E333-8FDC-42A3-9474-1A3956D46DE8}") = "src", "src", "{DE10CA71-6A97-429F-BB4E-B193E26CC008}"
	ProjectSection(SolutionItems) = preProject
		Frontend\src\index.html = Frontend\src\index.html
	EndProjectSection
EndProject
Project("{2150E333-8FDC-42A3-9474-1A3956D46DE8}") = "dril", "dril", "{D3B57310-37C2-4D12-8D14-151E8A01CFDC}"
EndProject
Project("{2150E333-8FDC-42A3-9474-1A3956D46DE8}") = "css", "css", "{2AF45C2A-7CED-4171-9C8B-EE2D2C9D7AC8}"
	ProjectSection(SolutionItems) = preProject
		Frontend\src\dril\css\animate.css = Frontend\src\dril\css\animate.css
		Frontend\src\dril\css\preloader.css = Frontend\src\dril\css\preloader.css
		Frontend\src\dril\css\responsive.css = Frontend\src\dril\css\responsive.css
		Frontend\src\dril\css\simple-line-icons.css = Frontend\src\dril\css\simple-line-icons.css
		Frontend\src\dril\css\style.css = Frontend\src\dril\css\style.css
	EndProjectSection
EndProject
Project("{2150E333-8FDC-42A3-9474-1A3956D46DE8}") = "img", "img", "{634C893C-E425-423B-9ECA-BE35367C05D5}"
	ProjectSection(SolutionItems) = preProject
		Frontend\src\dril\img\.DS_Store = Frontend\src\dril\img\.DS_Store
		Frontend\src\dril\img\after_effects.svg = Frontend\src\dril\img\after_effects.svg
		Frontend\src\dril\img\amazon.png = Frontend\src\dril\img\amazon.png
		Frontend\src\dril\img\apple-touch-icon-ipad-retina.png = Frontend\src\dril\img\apple-touch-icon-ipad-retina.png
		Frontend\src\dril\img\apple-touch-icon-ipad.png = Frontend\src\dril\img\apple-touch-icon-ipad.png
		Frontend\src\dril\img\apple-touch-icon-iphone-retina.png = Frontend\src\dril\img\apple-touch-icon-iphone-retina.png
		Frontend\src\dril\img\apple-touch-icon-iphone.png = Frontend\src\dril\img\apple-touch-icon-iphone.png
		Frontend\src\dril\img\bill.jpg = Frontend\src\dril\img\bill.jpg
		Frontend\src\dril\img\curb.png = Frontend\src\dril\img\curb.png
		Frontend\src\dril\img\dan.jpg = Frontend\src\dril\img\dan.jpg
		Frontend\src\dril\img\elance-odesk.png = Frontend\src\dril\img\elance-odesk.png
		Frontend\src\dril\img\eric.png = Frontend\src\dril\img\eric.png
		Frontend\src\dril\img\favicon.png = Frontend\src\dril\img\favicon.png
		Frontend\src\dril\img\flash.svg = Frontend\src\dril\img\flash.svg
		Frontend\src\dril\img\hero-img.png = Frontend\src\dril\img\hero-img.png
		Frontend\src\dril\img\icon.png = Frontend\src\dril\img\icon.png
		Frontend\src\dril\img\illustrator.svg = Frontend\src\dril\img\illustrator.svg
		Frontend\src\dril\img\indesign.svg = Frontend\src\dril\img\indesign.svg
		Frontend\src\dril\img\payoneer.png = Frontend\src\dril\img\payoneer.png
		Frontend\src\dril\img\photoshop.svg = Frontend\src\dril\img\photoshop.svg
		Frontend\src\dril\img\ramil.jpg = Frontend\src\dril\img\ramil.jpg
		Frontend\src\dril\img\s1.png = Frontend\src\dril\img\s1.png
		Frontend\src\dril\img\s2.png = Frontend\src\dril\img\s2.png
		Frontend\src\dril\img\s3.png = Frontend\src\dril\img\s3.png
		Frontend\src\dril\img\s4.png = Frontend\src\dril\img\s4.png
		Frontend\src\dril\img\s5.png = Frontend\src\dril\img\s5.png
		Frontend\src\dril\img\s6.png = Frontend\src\dril\img\s6.png
		Frontend\src\dril\img\trianglify-background.svg = Frontend\src\dril\img\trianglify-background.svg
		Frontend\src\dril\img\user.png = Frontend\src\dril\img\user.png
	EndProjectSection
EndProject
Project("{2150E333-8FDC-42A3-9474-1A3956D46DE8}") = "js", "js", "{EE642A2C-F0A8-42D1-9984-70E3B77D181A}"
	ProjectSection(SolutionItems) = preProject
		Frontend\src\dril\js\drifolio.js = Frontend\src\dril\js\drifolio.js
		Frontend\src\dril\js\jquery.jribbble-1.0.1.ugly.js = Frontend\src\dril\js\jquery.jribbble-1.0.1.ugly.js
		Frontend\src\dril\js\jquery.nicescroll.min.js = Frontend\src\dril\js\jquery.nicescroll.min.js
		Frontend\src\dril\js\wow.min.js = Frontend\src\dril\js\wow.min.js
	EndProjectSection
EndProject
Project("{2150E333-8FDC-42A3-9474-1A3956D46DE8}") = "fonts", "fonts", "{5EE50650-8C38-4658-850A-3C7462842A82}"
	ProjectSection(SolutionItems) = preProject
		Frontend\src\fonts\Simple-Line-Icons.dev.svg = Frontend\src\fonts\Simple-Line-Icons.dev.svg
		Frontend\src\fonts\Simple-Line-Icons.eot = Frontend\src\fonts\Simple-Line-Icons.eot
		Frontend\src\fonts\Simple-Line-Icons.svg = Frontend\src\fonts\Simple-Line-Icons.svg
		Frontend\src\fonts\Simple-Line-Icons.ttf = Frontend\src\fonts\Simple-Line-Icons.ttf
		Frontend\src\fonts\Simple-Line-Icons.woff = Frontend\src\fonts\Simple-Line-Icons.woff
	EndProjectSection
EndProject
Project("{2150E333-8FDC-42A3-9474-1A3956D46DE8}") = "main", "main", "{0327DE0E-CF81-4F5A-9643-ED32F9587BF2}"
	ProjectSection(SolutionItems) = preProject
		Frontend\src\main\app.js = Frontend\src\main\app.js
	EndProjectSection
EndProject
Project("{2150E333-8FDC-42A3-9474-1A3956D46DE8}") = "core", "core", "{138ED0B2-F562-488E-980E-23DDC9617C1F}"
	ProjectSection(SolutionItems) = preProject
		Frontend\src\main\core\cec.crud.js = Frontend\src\main\core\cec.crud.js
		Frontend\src\main\core\cec.fileread.js = Frontend\src\main\core\cec.fileread.js
		Frontend\src\main\core\cec.requests.js = Frontend\src\main\core\cec.requests.js
		Frontend\src\main\core\cec.resource.js = Frontend\src\main\core\cec.resource.js
	EndProjectSection
EndProject
Global
	GlobalSection(SolutionConfigurationPlatforms) = preSolution
		Debug|Any CPU = Debug|Any CPU
		Release|Any CPU = Release|Any CPU
	EndGlobalSection
	GlobalSection(ProjectConfigurationPlatforms) = postSolution
		{E5B413CF-E691-4535-BB6B-72C93C19DC50}.Debug|Any CPU.ActiveCfg = Debug|Any CPU
		{E5B413CF-E691-4535-BB6B-72C93C19DC50}.Debug|Any CPU.Build.0 = Debug|Any CPU
		{E5B413CF-E691-4535-BB6B-72C93C19DC50}.Release|Any CPU.ActiveCfg = Release|Any CPU
		{E5B413CF-E691-4535-BB6B-72C93C19DC50}.Release|Any CPU.Build.0 = Release|Any CPU
		{BEF42A82-8D2F-4D89-AE8F-3F61F03842C4}.Debug|Any CPU.ActiveCfg = Debug|Any CPU
		{BEF42A82-8D2F-4D89-AE8F-3F61F03842C4}.Debug|Any CPU.Build.0 = Debug|Any CPU
		{BEF42A82-8D2F-4D89-AE8F-3F61F03842C4}.Release|Any CPU.ActiveCfg = Release|Any CPU
		{BEF42A82-8D2F-4D89-AE8F-3F61F03842C4}.Release|Any CPU.Build.0 = Release|Any CPU
		{6E7EF600-44C2-47F5-BFA0-C2A3C75ACF74}.Debug|Any CPU.ActiveCfg = Debug|Any CPU
		{6E7EF600-44C2-47F5-BFA0-C2A3C75ACF74}.Debug|Any CPU.Build.0 = Debug|Any CPU
		{6E7EF600-44C2-47F5-BFA0-C2A3C75ACF74}.Release|Any CPU.ActiveCfg = Release|Any CPU
		{6E7EF600-44C2-47F5-BFA0-C2A3C75ACF74}.Release|Any CPU.Build.0 = Release|Any CPU
		{72B234FA-A921-4A7B-B783-1254850FE0EF}.Debug|Any CPU.ActiveCfg = Debug|Any CPU
		{72B234FA-A921-4A7B-B783-1254850FE0EF}.Debug|Any CPU.Build.0 = Debug|Any CPU
		{72B234FA-A921-4A7B-B783-1254850FE0EF}.Release|Any CPU.ActiveCfg = Release|Any CPU
		{72B234FA-A921-4A7B-B783-1254850FE0EF}.Release|Any CPU.Build.0 = Release|Any CPU
		{B4CCCBC7-BBD3-43B0-9AF1-542664650CB8}.Debug|Any CPU.ActiveCfg = Debug|Any CPU
		{B4CCCBC7-BBD3-43B0-9AF1-542664650CB8}.Debug|Any CPU.Build.0 = Debug|Any CPU
		{B4CCCBC7-BBD3-43B0-9AF1-542664650CB8}.Release|Any CPU.ActiveCfg = Release|Any CPU
		{B4CCCBC7-BBD3-43B0-9AF1-542664650CB8}.Release|Any CPU.Build.0 = Release|Any CPU
		{37BFB5F3-1FF8-4942-BB49-56117AEBB850}.Debug|Any CPU.ActiveCfg = Debug|Any CPU
		{37BFB5F3-1FF8-4942-BB49-56117AEBB850}.Debug|Any CPU.Build.0 = Debug|Any CPU
		{37BFB5F3-1FF8-4942-BB49-56117AEBB850}.Release|Any CPU.ActiveCfg = Release|Any CPU
		{37BFB5F3-1FF8-4942-BB49-56117AEBB850}.Release|Any CPU.Build.0 = Release|Any CPU
		{29C0A0FB-34CB-444A-9B4B-1A2F837472C3}.Debug|Any CPU.ActiveCfg = Debug|Any CPU
		{29C0A0FB-34CB-444A-9B4B-1A2F837472C3}.Debug|Any CPU.Build.0 = Debug|Any CPU
		{29C0A0FB-34CB-444A-9B4B-1A2F837472C3}.Release|Any CPU.ActiveCfg = Release|Any CPU
		{29C0A0FB-34CB-444A-9B4B-1A2F837472C3}.Release|Any CPU.Build.0 = Release|Any CPU
	EndGlobalSection
	GlobalSection(SolutionProperties) = preSolution
		HideSolutionNode = FALSE
	EndGlobalSection
	GlobalSection(NestedProjects) = preSolution
		{E5B413CF-E691-4535-BB6B-72C93C19DC50} = {5649344D-94AB-4430-A8D4-7B309A083B88}
		{BEF42A82-8D2F-4D89-AE8F-3F61F03842C4} = {63FD3403-CE1B-443E-8026-23EE924D3B3F}
		{6E7EF600-44C2-47F5-BFA0-C2A3C75ACF74} = {CCF1E993-2A34-4531-A3D9-53A97C2AE7B7}
		{72B234FA-A921-4A7B-B783-1254850FE0EF} = {63FD3403-CE1B-443E-8026-23EE924D3B3F}
		{B4CCCBC7-BBD3-43B0-9AF1-542664650CB8} = {DC95B12F-9789-4585-A910-05307D7172AA}
		{37BFB5F3-1FF8-4942-BB49-56117AEBB850} = {5649344D-94AB-4430-A8D4-7B309A083B88}
		{29C0A0FB-34CB-444A-9B4B-1A2F837472C3} = {63FD3403-CE1B-443E-8026-23EE924D3B3F}
		{DE10CA71-6A97-429F-BB4E-B193E26CC008} = {4CCEF23E-141E-4AEB-8D16-4A91803203A5}
		{D3B57310-37C2-4D12-8D14-151E8A01CFDC} = {DE10CA71-6A97-429F-BB4E-B193E26CC008}
		{2AF45C2A-7CED-4171-9C8B-EE2D2C9D7AC8} = {D3B57310-37C2-4D12-8D14-151E8A01CFDC}
		{634C893C-E425-423B-9ECA-BE35367C05D5} = {D3B57310-37C2-4D12-8D14-151E8A01CFDC}
		{EE642A2C-F0A8-42D1-9984-70E3B77D181A} = {D3B57310-37C2-4D12-8D14-151E8A01CFDC}
		{5EE50650-8C38-4658-850A-3C7462842A82} = {DE10CA71-6A97-429F-BB4E-B193E26CC008}
		{0327DE0E-CF81-4F5A-9643-ED32F9587BF2} = {DE10CA71-6A97-429F-BB4E-B193E26CC008}
		{138ED0B2-F562-488E-980E-23DDC9617C1F} = {0327DE0E-CF81-4F5A-9643-ED32F9587BF2}
	EndGlobalSection
EndGlobal
