
Microsoft Visual Studio Solution File, Format Version 12.00
# Visual Studio 14
VisualStudioVersion = 14.0.23107.0
MinimumVisualStudioVersion = 10.0.40219.1
Project("{FAE04EC0-301F-11D3-BF4B-00C04F79EFBC}") = "MQ.IpLoc", "MQ.IpLoc\MQ.IpLoc.csproj", "{4C8D5FEC-52B1-45AF-B239-20EA3561ED9A}"
EndProject
Project("{FAE04EC0-301F-11D3-BF4B-00C04F79EFBC}") = "MQ.Domain", "MQ.Domain\MQ.Domain.csproj", "{4B9A581A-2737-4A2A-9BFD-A8AB749ED2F0}"
EndProject
Project("{FAE04EC0-301F-11D3-BF4B-00C04F79EFBC}") = "MQ.Cqrs", "MQ.Cqrs\MQ.Cqrs.csproj", "{DBC4E306-9F61-4008-8885-5A39B2EB3777}"
EndProject
Project("{FAE04EC0-301F-11D3-BF4B-00C04F79EFBC}") = "MQ.Business", "MQ.Business\MQ.Business.csproj", "{5E889592-5B16-4022-ACCF-EA7E92DE30B8}"
EndProject
Global
	GlobalSection(SolutionConfigurationPlatforms) = preSolution
		Debug|Any CPU = Debug|Any CPU
		Release|Any CPU = Release|Any CPU
	EndGlobalSection
	GlobalSection(ProjectConfigurationPlatforms) = postSolution
		{4C8D5FEC-52B1-45AF-B239-20EA3561ED9A}.Debug|Any CPU.ActiveCfg = Debug|Any CPU
		{4C8D5FEC-52B1-45AF-B239-20EA3561ED9A}.Debug|Any CPU.Build.0 = Debug|Any CPU
		{4C8D5FEC-52B1-45AF-B239-20EA3561ED9A}.Release|Any CPU.ActiveCfg = Release|Any CPU
		{4C8D5FEC-52B1-45AF-B239-20EA3561ED9A}.Release|Any CPU.Build.0 = Release|Any CPU
		{4B9A581A-2737-4A2A-9BFD-A8AB749ED2F0}.Debug|Any CPU.ActiveCfg = Debug|Any CPU
		{4B9A581A-2737-4A2A-9BFD-A8AB749ED2F0}.Debug|Any CPU.Build.0 = Debug|Any CPU
		{4B9A581A-2737-4A2A-9BFD-A8AB749ED2F0}.Release|Any CPU.ActiveCfg = Release|Any CPU
		{4B9A581A-2737-4A2A-9BFD-A8AB749ED2F0}.Release|Any CPU.Build.0 = Release|Any CPU
		{DBC4E306-9F61-4008-8885-5A39B2EB3777}.Debug|Any CPU.ActiveCfg = Debug|Any CPU
		{DBC4E306-9F61-4008-8885-5A39B2EB3777}.Debug|Any CPU.Build.0 = Debug|Any CPU
		{DBC4E306-9F61-4008-8885-5A39B2EB3777}.Release|Any CPU.ActiveCfg = Release|Any CPU
		{DBC4E306-9F61-4008-8885-5A39B2EB3777}.Release|Any CPU.Build.0 = Release|Any CPU
		{5E889592-5B16-4022-ACCF-EA7E92DE30B8}.Debug|Any CPU.ActiveCfg = Debug|Any CPU
		{5E889592-5B16-4022-ACCF-EA7E92DE30B8}.Debug|Any CPU.Build.0 = Debug|Any CPU
		{5E889592-5B16-4022-ACCF-EA7E92DE30B8}.Release|Any CPU.ActiveCfg = Release|Any CPU
		{5E889592-5B16-4022-ACCF-EA7E92DE30B8}.Release|Any CPU.Build.0 = Release|Any CPU
	EndGlobalSection
	GlobalSection(SolutionProperties) = preSolution
		HideSolutionNode = FALSE
	EndGlobalSection
EndGlobal
